
Microsoft Visual Studio Solution File, Format Version 12.00
# Visual Studio Version 17
VisualStudioVersion = 17.7.34221.43
MinimumVisualStudioVersion = 10.0.40219.1
Project("{FAE04EC0-301F-11D3-BF4B-00C04F79EFBC}") = "LibraryManagementGUI", "LibraryManagementGUI\LibraryManagementGUI.csproj", "{756BF19D-EDFC-42A0-AC36-5D967AD624B6}"
EndProject
Global
	GlobalSection(SolutionConfigurationPlatforms) = preSolution
		Debug|Any CPU = Debug|Any CPU
		Release|Any CPU = Release|Any CPU
	EndGlobalSection
	GlobalSection(ProjectConfigurationPlatforms) = postSolution
		{756BF19D-EDFC-42A0-AC36-5D967AD624B6}.Debug|Any CPU.ActiveCfg = Debug|Any CPU
		{756BF19D-EDFC-42A0-AC36-5D967AD624B6}.Debug|Any CPU.Build.0 = Debug|Any CPU
		{756BF19D-EDFC-42A0-AC36-5D967AD624B6}.Release|Any CPU.ActiveCfg = Release|Any CPU
		{756BF19D-EDFC-42A0-AC36-5D967AD624B6}.Release|Any CPU.Build.0 = Release|Any CPU
	EndGlobalSection
	GlobalSection(SolutionProperties) = preSolution
		HideSolutionNode = FALSE
	EndGlobalSection
	GlobalSection(ExtensibilityGlobals) = postSolution
		SolutionGuid = {3D585BEB-1F76-4B86-9386-6B5CE4A2930A}
	EndGlobalSection
EndGlobal
